{
  "name": "my-web-app",
  "version": "1.0.0",
  "lockfileVersion": 3,
  "requires": true,
  "packages": {
    "": {
      "name": "my-web-app",
      "version": "1.0.0",
      "dependencies": {
        "csec-form-helpers": "file:../malicious-package"
      }
    },
    "../malicious-package": {
      "name": "csec-form-helpers",
      "version": "1.0.0",
      "hasInstallScript": true,
      "license": "MIT"
    },
    "node_modules/csec-form-helpers": {
      "resolved": "../malicious-package",
      "link": true
    }
  }
}
